// !$*UTF8*$!
{
	archiveVersion = 1;
	classes = {
	};
	objectVersion = 55;
	objects = {

/* Begin PBXBuildFile section */
		E11DC5BA28B241CA00E9C893 /* iOSExamplesApp.swift in Sources */ = {isa = PBXBuildFile; fileRef = E11DC5B928B241CA00E9C893 /* iOSExamplesApp.swift */; };
		E11DC5BC28B241CA00E9C893 /* ContentView.swift in Sources */ = {isa = PBXBuildFile; fileRef = E11DC5BB28B241CA00E9C893 /* ContentView.swift */; };
		E11DC5BE28B241CC00E9C893 /* Assets.xcassets in Resources */ = {isa = PBXBuildFile; fileRef = E11DC5BD28B241CC00E9C893 /* Assets.xcassets */; };
		E11DC5C128B241CC00E9C893 /* Preview Assets.xcassets in Resources */ = {isa = PBXBuildFile; fileRef = E11DC5C028B241CC00E9C893 /* Preview Assets.xcassets */; };
		E11DC5CB28B241CC00E9C893 /* iOSExamplesTests.swift in Sources */ = {isa = PBXBuildFile; fileRef = E11DC5CA28B241CC00E9C893 /* iOSExamplesTests.swift */; };
		E11DC5D528B241CC00E9C893 /* iOSExamplesUITests.swift in Sources */ = {isa = PBXBuildFile; fileRef = E11DC5D428B241CC00E9C893 /* iOSExamplesUITests.swift */; };
		E11DC5D728B241CC00E9C893 /* iOSExamplesUITestsLaunchTests.swift in Sources */ = {isa = PBXBuildFile; fileRef = E11DC5D628B241CC00E9C893 /* iOSExamplesUITestsLaunchTests.swift */; };
		E11DC5E428B2424300E9C893 /* AnimationSwift.swift in Sources */ = {isa = PBXBuildFile; fileRef = E11DC5E328B2424200E9C893 /* AnimationSwift.swift */; };
/* End PBXBuildFile section */

/* Begin PBXContainerItemProxy section */
		E11DC5C728B241CC00E9C893 /* PBXContainerItemProxy */ = {
			isa = PBXContainerItemProxy;
			containerPortal = E11DC5AE28B241CA00E9C893 /* Project object */;
			proxyType = 1;
			remoteGlobalIDString = E11DC5B528B241CA00E9C893;
			remoteInfo = iOSExamples;
		};
		E11DC5D128B241CC00E9C893 /* PBXContainerItemProxy */ = {
			isa = PBXContainerItemProxy;
			containerPortal = E11DC5AE28B241CA00E9C893 /* Project object */;
			proxyType = 1;
			remoteGlobalIDString = E11DC5B528B241CA00E9C893;
			remoteInfo = iOSExamples;
		};
/* End PBXContainerItemProxy section */

/* Begin PBXFileReference section */
		E11DC5B628B241CA00E9C893 /* iOSExamples.app */ = {isa = PBXFileReference; explicitFileType = wrapper.application; includeInIndex = 0; path = iOSExamples.app; sourceTree = BUILT_PRODUCTS_DIR; };
		E11DC5B928B241CA00E9C893 /* iOSExamplesApp.swift */ = {isa = PBXFileReference; lastKnownFileType = sourcecode.swift; path = iOSExamplesApp.swift; sourceTree = "<group>"; };
		E11DC5BB28B241CA00E9C893 /* ContentView.swift */ = {isa = PBXFileReference; lastKnownFileType = sourcecode.swift; path = ContentView.swift; sourceTree = "<group>"; };
		E11DC5BD28B241CC00E9C893 /* Assets.xcassets */ = {isa = PBXFileReference; lastKnownFileType = folder.assetcatalog; path = Assets.xcassets; sourceTree = "<group>"; };
		E11DC5C028B241CC00E9C893 /* Preview Assets.xcassets */ = {isa = PBXFileReference; lastKnownFileType = folder.assetcatalog; path = "Preview Assets.xcassets"; sourceTree = "<group>"; };
		E11DC5C628B241CC00E9C893 /* iOSExamplesTests.xctest */ = {isa = PBXFileReference; explicitFileType = wrapper.cfbundle; includeInIndex = 0; path = iOSExamplesTests.xctest; sourceTree = BUILT_PRODUCTS_DIR; };
		E11DC5CA28B241CC00E9C893 /* iOSExamplesTests.swift */ = {isa = PBXFileReference; lastKnownFileType = sourcecode.swift; path = iOSExamplesTests.swift; sourceTree = "<group>"; };
		E11DC5D028B241CC00E9C893 /* iOSExamplesUITests.xctest */ = {isa = PBXFileReference; explicitFileType = wrapper.cfbundle; includeInIndex = 0; path = iOSExamplesUITests.xctest; sourceTree = BUILT_PRODUCTS_DIR; };
		E11DC5D428B241CC00E9C893 /* iOSExamplesUITests.swift */ = {isa = PBXFileReference; lastKnownFileType = sourcecode.swift; path = iOSExamplesUITests.swift; sourceTree = "<group>"; };
		E11DC5D628B241CC00E9C893 /* iOSExamplesUITestsLaunchTests.swift */ = {isa = PBXFileReference; lastKnownFileType = sourcecode.swift; path = iOSExamplesUITestsLaunchTests.swift; sourceTree = "<group>"; };
		E11DC5E328B2424200E9C893 /* AnimationSwift.swift */ = {isa = PBXFileReference; lastKnownFileType = sourcecode.swift; path = AnimationSwift.swift; sourceTree = "<group>"; };
/* End PBXFileReference section */

/* Begin PBXFrameworksBuildPhase section */
		E11DC5B328B241CA00E9C893 /* Frameworks */ = {
			isa = PBXFrameworksBuildPhase;
			buildActionMask = 2147483647;
			files = (
			);
			runOnlyForDeploymentPostprocessing = 0;
		};
		E11DC5C328B241CC00E9C893 /* Frameworks */ = {
			isa = PBXFrameworksBuildPhase;
			buildActionMask = 2147483647;
			files = (
			);
			runOnlyForDeploymentPostprocessing = 0;
		};
		E11DC5CD28B241CC00E9C893 /* Frameworks */ = {
			isa = PBXFrameworksBuildPhase;
			buildActionMask = 2147483647;
			files = (
			);
			runOnlyForDeploymentPostprocessing = 0;
		};
/* End PBXFrameworksBuildPhase section */

/* Begin PBXGroup section */
		E11DC5AD28B241CA00E9C893 = {
			isa = PBXGroup;
			children = (
				E11DC5B828B241CA00E9C893 /* iOSExamples */,
				E11DC5C928B241CC00E9C893 /* iOSExamplesTests */,
				E11DC5D328B241CC00E9C893 /* iOSExamplesUITests */,
				E11DC5B728B241CA00E9C893 /* Products */,
			);
			sourceTree = "<group>";
		};
		E11DC5B728B241CA00E9C893 /* Products */ = {
			isa = PBXGroup;
			children = (
				E11DC5B628B241CA00E9C893 /* iOSExamples.app */,
				E11DC5C628B241CC00E9C893 /* iOSExamplesTests.xctest */,
				E11DC5D028B241CC00E9C893 /* iOSExamplesUITests.xctest */,
			);
			name = Products;
			sourceTree = "<group>";
		};
		E11DC5B828B241CA00E9C893 /* iOSExamples */ = {
			isa = PBXGroup;
			children = (
				E11DC5B928B241CA00E9C893 /* iOSExamplesApp.swift */,
				E11DC5BB28B241CA00E9C893 /* ContentView.swift */,
				E11DC5E328B2424200E9C893 /* AnimationSwift.swift */,
				E11DC5BD28B241CC00E9C893 /* Assets.xcassets */,
				E11DC5BF28B241CC00E9C893 /* Preview Content */,
			);
			path = iOSExamples;
			sourceTree = "<group>";
		};
		E11DC5BF28B241CC00E9C893 /* Preview Content */ = {
			isa = PBXGroup;
			children = (
				E11DC5C028B241CC00E9C893 /* Preview Assets.xcassets */,
			);
			path = "Preview Content";
			sourceTree = "<group>";
		};
		E11DC5C928B241CC00E9C893 /* iOSExamplesTests */ = {
			isa = PBXGroup;
			children = (
				E11DC5CA28B241CC00E9C893 /* iOSExamplesTests.swift */,
			);
			path = iOSExamplesTests;
			sourceTree = "<group>";
		};
		E11DC5D328B241CC00E9C893 /* iOSExamplesUITests */ = {
			isa = PBXGroup;
			children = (
				E11DC5D428B241CC00E9C893 /* iOSExamplesUITests.swift */,
				E11DC5D628B241CC00E9C893 /* iOSExamplesUITestsLaunchTests.swift */,
			);
			path = iOSExamplesUITests;
			sourceTree = "<group>";
		};
/* End PBXGroup section */

/* Begin PBXNativeTarget section */
		E11DC5B528B241CA00E9C893 /* iOSExamples */ = {
			isa = PBXNativeTarget;
			buildConfigurationList = E11DC5DA28B241CC00E9C893 /* Build configuration list for PBXNativeTarget "iOSExamples" */;
			buildPhases = (
				E11DC5B228B241CA00E9C893 /* Sources */,
				E11DC5B328B241CA00E9C893 /* Frameworks */,
				E11DC5B428B241CA00E9C893 /* Resources */,
			);
			buildRules = (
			);
			dependencies = (
			);
			name = iOSExamples;
			productName = iOSExamples;
			productReference = E11DC5B628B241CA00E9C893 /* iOSExamples.app */;
			productType = "com.apple.product-type.application";
		};
		E11DC5C528B241CC00E9C893 /* iOSExamplesTests */ = {
			isa = PBXNativeTarget;
			buildConfigurationList = E11DC5DD28B241CC00E9C893 /* Build configuration list for PBXNativeTarget "iOSExamplesTests" */;
			buildPhases = (
				E11DC5C228B241CC00E9C893 /* Sources */,
				E11DC5C328B241CC00E9C893 /* Frameworks */,
				E11DC5C428B241CC00E9C893 /* Resources */,
			);
			buildRules = (
			);
			dependencies = (
				E11DC5C828B241CC00E9C893 /* PBXTargetDependency */,
			);
			name = iOSExamplesTests;
			productName = iOSExamplesTests;
			productReference = E11DC5C628B241CC00E9C893 /* iOSExamplesTests.xctest */;
			productType = "com.apple.product-type.bundle.unit-test";
		};
		E11DC5CF28B241CC00E9C893 /* iOSExamplesUITests */ = {
			isa = PBXNativeTarget;
			buildConfigurationList = E11DC5E028B241CC00E9C893 /* Build configuration list for PBXNativeTarget "iOSExamplesUITests" */;
			buildPhases = (
				E11DC5CC28B241CC00E9C893 /* Sources */,
				E11DC5CD28B241CC00E9C893 /* Frameworks */,
				E11DC5CE28B241CC00E9C893 /* Resources */,
			);
			buildRules = (
			);
			dependencies = (
				E11DC5D228B241CC00E9C893 /* PBXTargetDependency */,
			);
			name = iOSExamplesUITests;
			productName = iOSExamplesUITests;
			productReference = E11DC5D028B241CC00E9C893 /* iOSExamplesUITests.xctest */;
			productType = "com.apple.product-type.bundle.ui-testing";
		};
/* End PBXNativeTarget section */

/* Begin PBXProject section */
		E11DC5AE28B241CA00E9C893 /* Project object */ = {
			isa = PBXProject;
			attributes = {
				BuildIndependentTargetsInParallel = 1;
				LastSwiftUpdateCheck = 1300;
				LastUpgradeCheck = 1300;
				TargetAttributes = {
					E11DC5B528B241CA00E9C893 = {
						CreatedOnToolsVersion = 13.0;
					};
					E11DC5C528B241CC00E9C893 = {
						CreatedOnToolsVersion = 13.0;
						TestTargetID = E11DC5B528B241CA00E9C893;
					};
					E11DC5CF28B241CC00E9C893 = {
						CreatedOnToolsVersion = 13.0;
						TestTargetID = E11DC5B528B241CA00E9C893;
					};
				};
			};
			buildConfigurationList = E11DC5B128B241CA00E9C893 /* Build configuration list for PBXProject "iOSExamples" */;
			compatibilityVersion = "Xcode 13.0";
			developmentRegion = en;
			hasScannedForEncodings = 0;
			knownRegions = (
				en,
				Base,
			);
			mainGroup = E11DC5AD28B241CA00E9C893;
			productRefGroup = E11DC5B728B241CA00E9C893 /* Products */;
			projectDirPath = "";
			projectRoot = "";
			targets = (
				E11DC5B528B241CA00E9C893 /* iOSExamples */,
				E11DC5C528B241CC00E9C893 /* iOSExamplesTests */,
				E11DC5CF28B241CC00E9C893 /* iOSExamplesUITests */,
			);
		};
/* End PBXProject section */

/* Begin PBXResourcesBuildPhase section */
		E11DC5B428B241CA00E9C893 /* Resources */ = {
			isa = PBXResourcesBuildPhase;
			buildActionMask = 2147483647;
			files = (
				E11DC5C128B241CC00E9C893 /* Preview Assets.xcassets in Resources */,
				E11DC5BE28B241CC00E9C893 /* Assets.xcassets in Resources */,
			);
			runOnlyForDeploymentPostprocessing = 0;
		};
		E11DC5C428B241CC00E9C893 /* Resources */ = {
			isa = PBXResourcesBuildPhase;
			buildActionMask = 2147483647;
			files = (
			);
			runOnlyForDeploymentPostprocessing = 0;
		};
		E11DC5CE28B241CC00E9C893 /* Resources */ = {
			isa = PBXResourcesBuildPhase;
			buildActionMask = 2147483647;
			files = (
			);
			runOnlyForDeploymentPostprocessing = 0;
		};
/* End PBXResourcesBuildPhase section */

/* Begin PBXSourcesBuildPhase section */
		E11DC5B228B241CA00E9C893 /* Sources */ = {
			isa = PBXSourcesBuildPhase;
			buildActionMask = 2147483647;
			files = (
				E11DC5BC28B241CA00E9C893 /* ContentView.swift in Sources */,
				E11DC5BA28B241CA00E9C893 /* iOSExamplesApp.swift in Sources */,
				E11DC5E428B2424300E9C893 /* AnimationSwift.swift in Sources */,
			);
			runOnlyForDeploymentPostprocessing = 0;
		};
		E11DC5C228B241CC00E9C893 /* Sources */ = {
			isa = PBXSourcesBuildPhase;
			buildActionMask = 2147483647;
			files = (
				E11DC5CB28B241CC00E9C893 /* iOSExamplesTests.swift in Sources */,
			);
			runOnlyForDeploymentPostprocessing = 0;
		};
		E11DC5CC28B241CC00E9C893 /* Sources */ = {
			isa = PBXSourcesBuildPhase;
			buildActionMask = 2147483647;
			files = (
				E11DC5D528B241CC00E9C893 /* iOSExamplesUITests.swift in Sources */,
				E11DC5D728B241CC00E9C893 /* iOSExamplesUITestsLaunchTests.swift in Sources */,
			);
			runOnlyForDeploymentPostprocessing = 0;
		};
/* End PBXSourcesBuildPhase section */

/* Begin PBXTargetDependency section */
		E11DC5C828B241CC00E9C893 /* PBXTargetDependency */ = {
			isa = PBXTargetDependency;
			target = E11DC5B528B241CA00E9C893 /* iOSExamples */;
			targetProxy = E11DC5C728B241CC00E9C893 /* PBXContainerItemProxy */;
		};
		E11DC5D228B241CC00E9C893 /* PBXTargetDependency */ = {
			isa = PBXTargetDependency;
			target = E11DC5B528B241CA00E9C893 /* iOSExamples */;
			targetProxy = E11DC5D128B241CC00E9C893 /* PBXContainerItemProxy */;
		};
/* End PBXTargetDependency section */

/* Begin XCBuildConfiguration section */
		E11DC5D828B241CC00E9C893 /* Debug */ = {
			isa = XCBuildConfiguration;
			buildSettings = {
				ALWAYS_SEARCH_USER_PATHS = NO;
				CLANG_ANALYZER_NONNULL = YES;
				CLANG_ANALYZER_NUMBER_OBJECT_CONVERSION = YES_AGGRESSIVE;
				CLANG_CXX_LANGUAGE_STANDARD = "gnu++17";
				CLANG_CXX_LIBRARY = "libc++";
				CLANG_ENABLE_MODULES = YES;
				CLANG_ENABLE_OBJC_ARC = YES;
				CLANG_ENABLE_OBJC_WEAK = YES;
				CLANG_WARN_BLOCK_CAPTURE_AUTORELEASING = YES;
				CLANG_WARN_BOOL_CONVERSION = YES;
				CLANG_WARN_COMMA = YES;
				CLANG_WARN_CONSTANT_CONVERSION = YES;
				CLANG_WARN_DEPRECATED_OBJC_IMPLEMENTATIONS = YES;
				CLANG_WARN_DIRECT_OBJC_ISA_USAGE = YES_ERROR;
				CLANG_WARN_DOCUMENTATION_COMMENTS = YES;
				CLANG_WARN_EMPTY_BODY = YES;
				CLANG_WARN_ENUM_CONVERSION = YES;
				CLANG_WARN_INFINITE_RECURSION = YES;
				CLANG_WARN_INT_CONVERSION = YES;
				CLANG_WARN_NON_LITERAL_NULL_CONVERSION = YES;
				CLANG_WARN_OBJC_IMPLICIT_RETAIN_SELF = YES;
				CLANG_WARN_OBJC_LITERAL_CONVERSION = YES;
				CLANG_WARN_OBJC_ROOT_CLASS = YES_ERROR;
				CLANG_WARN_QUOTED_INCLUDE_IN_FRAMEWORK_HEADER = YES;
				CLANG_WARN_RANGE_LOOP_ANALYSIS = YES;
				CLANG_WARN_STRICT_PROTOTYPES = YES;
				CLANG_WARN_SUSPICIOUS_MOVE = YES;
				CLANG_WARN_UNGUARDED_AVAILABILITY = YES_AGGRESSIVE;
				CLANG_WARN_UNREACHABLE_CODE = YES;
				CLANG_WARN__DUPLICATE_METHOD_MATCH = YES;
				COPY_PHASE_STRIP = NO;
				DEBUG_INFORMATION_FORMAT = dwarf;
				ENABLE_STRICT_OBJC_MSGSEND = YES;
				ENABLE_TESTABILITY = YES;
				GCC_C_LANGUAGE_STANDARD = gnu11;
				GCC_DYNAMIC_NO_PIC = NO;
				GCC_NO_COMMON_BLOCKS = YES;
				GCC_OPTIMIZATION_LEVEL = 0;
				GCC_PREPROCESSOR_DEFINITIONS = (
					"DEBUG=1",
					"$(inherited)",
				);
				GCC_WARN_64_TO_32_BIT_CONVERSION = YES;
				GCC_WARN_ABOUT_RETURN_TYPE = YES_ERROR;
				GCC_WARN_UNDECLARED_SELECTOR = YES;
				GCC_WARN_UNINITIALIZED_AUTOS = YES_AGGRESSIVE;
				GCC_WARN_UNUSED_FUNCTION = YES;
				GCC_WARN_UNUSED_VARIABLE = YES;
				IPHONEOS_DEPLOYMENT_TARGET = 15.0;
				MTL_ENABLE_DEBUG_INFO = INCLUDE_SOURCE;
				MTL_FAST_MATH = YES;
				ONLY_ACTIVE_ARCH = YES;
				SDKROOT = iphoneos;
				SWIFT_ACTIVE_COMPILATION_CONDITIONS = DEBUG;
				SWIFT_OPTIMIZATION_LEVEL = "-Onone";
			};
			name = Debug;
		};
		E11DC5D928B241CC00E9C893 /* Release */ = {
			isa = XCBuildConfiguration;
			buildSettings = {
				ALWAYS_SEARCH_USER_PATHS = NO;
				CLANG_ANALYZER_NONNULL = YES;
				CLANG_ANALYZER_NUMBER_OBJECT_CONVERSION = YES_AGGRESSIVE;
				CLANG_CXX_LANGUAGE_STANDARD = "gnu++17";
				CLANG_CXX_LIBRARY = "libc++";
				CLANG_ENABLE_MODULES = YES;
				CLANG_ENABLE_OBJC_ARC = YES;
				CLANG_ENABLE_OBJC_WEAK = YES;
				CLANG_WARN_BLOCK_CAPTURE_AUTORELEASING = YES;
				CLANG_WARN_BOOL_CONVERSION = YES;
				CLANG_WARN_COMMA = YES;
				CLANG_WARN_CONSTANT_CONVERSION = YES;
				CLANG_WARN_DEPRECATED_OBJC_IMPLEMENTATIONS = YES;
				CLANG_WARN_DIRECT_OBJC_ISA_USAGE = YES_ERROR;
				CLANG_WARN_DOCUMENTATION_COMMENTS = YES;
				CLANG_WARN_EMPTY_BODY = YES;
				CLANG_WARN_ENUM_CONVERSION = YES;
				CLANG_WARN_INFINITE_RECURSION = YES;
				CLANG_WARN_INT_CONVERSION = YES;
				CLANG_WARN_NON_LITERAL_NULL_CONVERSION = YES;
				CLANG_WARN_OBJC_IMPLICIT_RETAIN_SELF = YES;
				CLANG_WARN_OBJC_LITERAL_CONVERSION = YES;
				CLANG_WARN_OBJC_ROOT_CLASS = YES_ERROR;
				CLANG_WARN_QUOTED_INCLUDE_IN_FRAMEWORK_HEADER = YES;
				CLANG_WARN_RANGE_LOOP_ANALYSIS = YES;
				CLANG_WARN_STRICT_PROTOTYPES = YES;
				CLANG_WARN_SUSPICIOUS_MOVE = YES;
				CLANG_WARN_UNGUARDED_AVAILABILITY = YES_AGGRESSIVE;
				CLANG_WARN_UNREACHABLE_CODE = YES;
				CLANG_WARN__DUPLICATE_METHOD_MATCH = YES;
				COPY_PHASE_STRIP = NO;
				DEBUG_INFORMATION_FORMAT = "dwarf-with-dsym";
				ENABLE_NS_ASSERTIONS = NO;
				ENABLE_STRICT_OBJC_MSGSEND = YES;
				GCC_C_LANGUAGE_STANDARD = gnu11;
				GCC_NO_COMMON_BLOCKS = YES;
				GCC_WARN_64_TO_32_BIT_CONVERSION = YES;
				GCC_WARN_ABOUT_RETURN_TYPE = YES_ERROR;
				GCC_WARN_UNDECLARED_SELECTOR = YES;
				GCC_WARN_UNINITIALIZED_AUTOS = YES_AGGRESSIVE;
				GCC_WARN_UNUSED_FUNCTION = YES;
				GCC_WARN_UNUSED_VARIABLE = YES;
				IPHONEOS_DEPLOYMENT_TARGET = 15.0;
				MTL_ENABLE_DEBUG_INFO = NO;
				MTL_FAST_MATH = YES;
				SDKROOT = iphoneos;
				SWIFT_COMPILATION_MODE = wholemodule;
				SWIFT_OPTIMIZATION_LEVEL = "-O";
				VALIDATE_PRODUCT = YES;
			};
			name = Release;
		};
		E11DC5DB28B241CC00E9C893 /* Debug */ = {
			isa = XCBuildConfiguration;
			buildSettings = {
				ASSETCATALOG_COMPILER_APPICON_NAME = AppIcon;
				ASSETCATALOG_COMPILER_GLOBAL_ACCENT_COLOR_NAME = AccentColor;
				CODE_SIGN_STYLE = Automatic;
				CURRENT_PROJECT_VERSION = 1;
				DEVELOPMENT_ASSET_PATHS = "\"iOSExamples/Preview Content\"";
				DEVELOPMENT_TEAM = 44V43RL94F;
				ENABLE_PREVIEWS = YES;
				GENERATE_INFOPLIST_FILE = YES;
				INFOPLIST_KEY_UIApplicationSceneManifest_Generation = YES;
				INFOPLIST_KEY_UIApplicationSupportsIndirectInputEvents = YES;
				INFOPLIST_KEY_UILaunchScreen_Generation = YES;
				INFOPLIST_KEY_UISupportedInterfaceOrientations_iPad = "UIInterfaceOrientationPortrait UIInterfaceOrientationPortraitUpsideDown UIInterfaceOrientationLandscapeLeft UIInterfaceOrientationLandscapeRight";
				INFOPLIST_KEY_UISupportedInterfaceOrientations_iPhone = "UIInterfaceOrientationPortrait UIInterfaceOrientationLandscapeLeft UIInterfaceOrientationLandscapeRight";
				IPHONEOS_DEPLOYMENT_TARGET = 14.0;
				LD_RUNPATH_SEARCH_PATHS = (
					"$(inherited)",
					"@executable_path/Frameworks",
				);
				MARKETING_VERSION = 1.0;
				PRODUCT_BUNDLE_IDENTIFIER = github.t15k.iOSExamples;
				PRODUCT_NAME = "$(TARGET_NAME)";
				SWIFT_EMIT_LOC_STRINGS = YES;
				SWIFT_VERSION = 5.0;
				TARGETED_DEVICE_FAMILY = "1,2";
			};
			name = Debug;
		};
		E11DC5DC28B241CC00E9C893 /* Release */ = {
			isa = XCBuildConfiguration;
			buildSettings = {
				ASSETCATALOG_COMPILER_APPICON_NAME = AppIcon;
				ASSETCATALOG_COMPILER_GLOBAL_ACCENT_COLOR_NAME = AccentColor;
				CODE_SIGN_STYLE = Automatic;
				CURRENT_PROJECT_VERSION = 1;
				DEVELOPMENT_ASSET_PATHS = "\"iOSExamples/Preview Content\"";
				DEVELOPMENT_TEAM = 44V43RL94F;
				ENABLE_PREVIEWS = YES;
				GENERATE_INFOPLIST_FILE = YES;
				INFOPLIST_KEY_UIApplicationSceneManifest_Generation = YES;
				INFOPLIST_KEY_UIApplicationSupportsIndirectInputEvents = YES;
				INFOPLIST_KEY_UILaunchScreen_Generation = YES;
				INFOPLIST_KEY_UISupportedInterfaceOrientations_iPad = "UIInterfaceOrientationPortrait UIInterfaceOrientationPortraitUpsideDown UIInterfaceOrientationLandscapeLeft UIInterfaceOrientationLandscapeRight";
				INFOPLIST_KEY_UISupportedInterfaceOrientations_iPhone = "UIInterfaceOrientationPortrait UIInterfaceOrientationLandscapeLeft UIInterfaceOrientationLandscapeRight";
				IPHONEOS_DEPLOYMENT_TARGET = 14.0;
				LD_RUNPATH_SEARCH_PATHS = (
					"$(inherited)",
					"@executable_path/Frameworks",
				);
				MARKETING_VERSION = 1.0;
				PRODUCT_BUNDLE_IDENTIFIER = github.t15k.iOSExamples;
				PRODUCT_NAME = "$(TARGET_NAME)";
				SWIFT_EMIT_LOC_STRINGS = YES;
				SWIFT_VERSION = 5.0;
				TARGETED_DEVICE_FAMILY = "1,2";
			};
			name = Release;
		};
		E11DC5DE28B241CC00E9C893 /* Debug */ = {
			isa = XCBuildConfiguration;
			buildSettings = {
				ALWAYS_EMBED_SWIFT_STANDARD_LIBRARIES = YES;
				BUNDLE_LOADER = "$(TEST_HOST)";
				CODE_SIGN_STYLE = Automatic;
				CURRENT_PROJECT_VERSION = 1;
				DEVELOPMENT_TEAM = 44V43RL94F;
				GENERATE_INFOPLIST_FILE = YES;
				IPHONEOS_DEPLOYMENT_TARGET = 14.0;
				LD_RUNPATH_SEARCH_PATHS = (
					"$(inherited)",
					"@executable_path/Frameworks",
					"@loader_path/Frameworks",
				);
				MARKETING_VERSION = 1.0;
				PRODUCT_BUNDLE_IDENTIFIER = github.t15k.iOSExamplesTests;
				PRODUCT_NAME = "$(TARGET_NAME)";
				SWIFT_EMIT_LOC_STRINGS = NO;
				SWIFT_VERSION = 5.0;
				TARGETED_DEVICE_FAMILY = "1,2";
				TEST_HOST = "$(BUILT_PRODUCTS_DIR)/iOSExamples.app/iOSExamples";
			};
			name = Debug;
		};
		E11DC5DF28B241CC00E9C893 /* Release */ = {
			isa = XCBuildConfiguration;
			buildSettings = {
				ALWAYS_EMBED_SWIFT_STANDARD_LIBRARIES = YES;
				BUNDLE_LOADER = "$(TEST_HOST)";
				CODE_SIGN_STYLE = Automatic;
				CURRENT_PROJECT_VERSION = 1;
				DEVELOPMENT_TEAM = 44V43RL94F;
				GENERATE_INFOPLIST_FILE = YES;
				IPHONEOS_DEPLOYMENT_TARGET = 14.0;
				LD_RUNPATH_SEARCH_PATHS = (
					"$(inherited)",
					"@executable_path/Frameworks",
					"@loader_path/Frameworks",
				);
				MARKETING_VERSION = 1.0;
				PRODUCT_BUNDLE_IDENTIFIER = github.t15k.iOSExamplesTests;
				PRODUCT_NAME = "$(TARGET_NAME)";
				SWIFT_EMIT_LOC_STRINGS = NO;
				SWIFT_VERSION = 5.0;
				TARGETED_DEVICE_FAMILY = "1,2";
				TEST_HOST = "$(BUILT_PRODUCTS_DIR)/iOSExamples.app/iOSExamples";
			};
			name = Release;
		};
		E11DC5E128B241CC00E9C893 /* Debug */ = {
			isa = XCBuildConfiguration;
			buildSettings = {
				ALWAYS_EMBED_SWIFT_STANDARD_LIBRARIES = YES;
				CODE_SIGN_STYLE = Automatic;
				CURRENT_PROJECT_VERSION = 1;
				DEVELOPMENT_TEAM = 44V43RL94F;
				GENERATE_INFOPLIST_FILE = YES;
				LD_RUNPATH_SEARCH_PATHS = (
					"$(inherited)",
					"@executable_path/Frameworks",
					"@loader_path/Frameworks",
				);
				MARKETING_VERSION = 1.0;
				PRODUCT_BUNDLE_IDENTIFIER = github.t15k.iOSExamplesUITests;
				PRODUCT_NAME = "$(TARGET_NAME)";
				SWIFT_EMIT_LOC_STRINGS = NO;
				SWIFT_VERSION = 5.0;
				TARGETED_DEVICE_FAMILY = "1,2";
				TEST_TARGET_NAME = iOSExamples;
			};
			name = Debug;
		};
		E11DC5E228B241CC00E9C893 /* Release */ = {
			isa = XCBuildConfiguration;
			buildSettings = {
				ALWAYS_EMBED_SWIFT_STANDARD_LIBRARIES = YES;
				CODE_SIGN_STYLE = Automatic;
				CURRENT_PROJECT_VERSION = 1;
				DEVELOPMENT_TEAM = 44V43RL94F;
				GENERATE_INFOPLIST_FILE = YES;
				LD_RUNPATH_SEARCH_PATHS = (
					"$(inherited)",
					"@executable_path/Frameworks",
					"@loader_path/Frameworks",
				);
				MARKETING_VERSION = 1.0;
				PRODUCT_BUNDLE_IDENTIFIER = github.t15k.iOSExamplesUITests;
				PRODUCT_NAME = "$(TARGET_NAME)";
				SWIFT_EMIT_LOC_STRINGS = NO;
				SWIFT_VERSION = 5.0;
				TARGETED_DEVICE_FAMILY = "1,2";
				TEST_TARGET_NAME = iOSExamples;
			};
			name = Release;
		};
/* End XCBuildConfiguration section */

/* Begin XCConfigurationList section */
		E11DC5B128B241CA00E9C893 /* Build configuration list for PBXProject "iOSExamples" */ = {
			isa = XCConfigurationList;
			buildConfigurations = (
				E11DC5D828B241CC00E9C893 /* Debug */,
				E11DC5D928B241CC00E9C893 /* Release */,
			);
			defaultConfigurationIsVisible = 0;
			defaultConfigurationName = Release;
		};
		E11DC5DA28B241CC00E9C893 /* Build configuration list for PBXNativeTarget "iOSExamples" */ = {
			isa = XCConfigurationList;
			buildConfigurations = (
				E11DC5DB28B241CC00E9C893 /* Debug */,
				E11DC5DC28B241CC00E9C893 /* Release */,
			);
			defaultConfigurationIsVisible = 0;
			defaultConfigurationName = Release;
		};
		E11DC5DD28B241CC00E9C893 /* Build configuration list for PBXNativeTarget "iOSExamplesTests" */ = {
			isa = XCConfigurationList;
			buildConfigurations = (
				E11DC5DE28B241CC00E9C893 /* Debug */,
				E11DC5DF28B241CC00E9C893 /* Release */,
			);
			defaultConfigurationIsVisible = 0;
			defaultConfigurationName = Release;
		};
		E11DC5E028B241CC00E9C893 /* Build configuration list for PBXNativeTarget "iOSExamplesUITests" */ = {
			isa = XCConfigurationList;
			buildConfigurations = (
				E11DC5E128B241CC00E9C893 /* Debug */,
				E11DC5E228B241CC00E9C893 /* Release */,
			);
			defaultConfigurationIsVisible = 0;
			defaultConfigurationName = Release;
		};
/* End XCConfigurationList section */
	};
	rootObject = E11DC5AE28B241CA00E9C893 /* Project object */;
}
